
Microsoft Visual Studio Solution File, Format Version 12.00
# Visual Studio 2013
VisualStudioVersion = 12.0.31101.0
MinimumVisualStudioVersion = 10.0.40219.1
Project("{FAE04EC0-301F-11D3-BF4B-00C04F79EFBC}") = "01. BiggerNumber", "01. BiggerNumber\01. BiggerNumber.csproj", "{891CBA5D-EED9-46F3-AF5C-F55BE3F474E7}"
EndProject
Project("{FAE04EC0-301F-11D3-BF4B-00C04F79EFBC}") = "02. LastDigitOfNumber", "02. LastDigitOfNumber\02. LastDigitOfNumber.csproj", "{23BCF538-CBD6-4705-AC3F-A36A8F253A65}"
EndProject
Project("{FAE04EC0-301F-11D3-BF4B-00C04F79EFBC}") = "03. LargerThanNeighbours", "03. LargerThanNeighbours\03. LargerThanNeighbours.csproj", "{D43F546F-2D07-4AB1-B28A-1D2065269E28}"
EndProject
Project("{FAE04EC0-301F-11D3-BF4B-00C04F79EFBC}") = "04. FirstLargerThanNeighbours", "04. FirstLargerThanNeighbours\04. FirstLargerThanNeighbours.csproj", "{24707B26-7450-406C-8FD4-A5E67822E190}"
EndProject
Project("{FAE04EC0-301F-11D3-BF4B-00C04F79EFBC}") = "05. ReverseNumber", "05. ReverseNumber\05. ReverseNumber.csproj", "{57544E9A-D383-495D-BF79-DAD1C5D6C17C}"
EndProject
Project("{FAE04EC0-301F-11D3-BF4B-00C04F79EFBC}") = "06. NumberCalculations", "06. NumberCalculations\06. NumberCalculations.csproj", "{5343876F-82D6-48BB-B4E7-D6F2CCD512CC}"
EndProject
Global
	GlobalSection(SolutionConfigurationPlatforms) = preSolution
		Debug|Any CPU = Debug|Any CPU
		Release|Any CPU = Release|Any CPU
	EndGlobalSection
	GlobalSection(ProjectConfigurationPlatforms) = postSolution
		{891CBA5D-EED9-46F3-AF5C-F55BE3F474E7}.Debug|Any CPU.ActiveCfg = Debug|Any CPU
		{891CBA5D-EED9-46F3-AF5C-F55BE3F474E7}.Debug|Any CPU.Build.0 = Debug|Any CPU
		{891CBA5D-EED9-46F3-AF5C-F55BE3F474E7}.Release|Any CPU.ActiveCfg = Release|Any CPU
		{891CBA5D-EED9-46F3-AF5C-F55BE3F474E7}.Release|Any CPU.Build.0 = Release|Any CPU
		{23BCF538-CBD6-4705-AC3F-A36A8F253A65}.Debug|Any CPU.ActiveCfg = Debug|Any CPU
		{23BCF538-CBD6-4705-AC3F-A36A8F253A65}.Debug|Any CPU.Build.0 = Debug|Any CPU
		{23BCF538-CBD6-4705-AC3F-A36A8F253A65}.Release|Any CPU.ActiveCfg = Release|Any CPU
		{23BCF538-CBD6-4705-AC3F-A36A8F253A65}.Release|Any CPU.Build.0 = Release|Any CPU
		{D43F546F-2D07-4AB1-B28A-1D2065269E28}.Debug|Any CPU.ActiveCfg = Debug|Any CPU
		{D43F546F-2D07-4AB1-B28A-1D2065269E28}.Debug|Any CPU.Build.0 = Debug|Any CPU
		{D43F546F-2D07-4AB1-B28A-1D2065269E28}.Release|Any CPU.ActiveCfg = Release|Any CPU
		{D43F546F-2D07-4AB1-B28A-1D2065269E28}.Release|Any CPU.Build.0 = Release|Any CPU
		{24707B26-7450-406C-8FD4-A5E67822E190}.Debug|Any CPU.ActiveCfg = Debug|Any CPU
		{24707B26-7450-406C-8FD4-A5E67822E190}.Debug|Any CPU.Build.0 = Debug|Any CPU
		{24707B26-7450-406C-8FD4-A5E67822E190}.Release|Any CPU.ActiveCfg = Release|Any CPU
		{24707B26-7450-406C-8FD4-A5E67822E190}.Release|Any CPU.Build.0 = Release|Any CPU
		{57544E9A-D383-495D-BF79-DAD1C5D6C17C}.Debug|Any CPU.ActiveCfg = Debug|Any CPU
		{57544E9A-D383-495D-BF79-DAD1C5D6C17C}.Debug|Any CPU.Build.0 = Debug|Any CPU
		{57544E9A-D383-495D-BF79-DAD1C5D6C17C}.Release|Any CPU.ActiveCfg = Release|Any CPU
		{57544E9A-D383-495D-BF79-DAD1C5D6C17C}.Release|Any CPU.Build.0 = Release|Any CPU
		{5343876F-82D6-48BB-B4E7-D6F2CCD512CC}.Debug|Any CPU.ActiveCfg = Debug|Any CPU
		{5343876F-82D6-48BB-B4E7-D6F2CCD512CC}.Debug|Any CPU.Build.0 = Debug|Any CPU
		{5343876F-82D6-48BB-B4E7-D6F2CCD512CC}.Release|Any CPU.ActiveCfg = Release|Any CPU
		{5343876F-82D6-48BB-B4E7-D6F2CCD512CC}.Release|Any CPU.Build.0 = Release|Any CPU
	EndGlobalSection
	GlobalSection(SolutionProperties) = preSolution
		HideSolutionNode = FALSE
	EndGlobalSection
EndGlobal
